
Microsoft Visual Studio Solution File, Format Version 12.00
# Visual Studio Version 17
VisualStudioVersion = 17.5.2.0
MinimumVisualStudioVersion = 10.0.40219.1
Project("{FAE04EC0-301F-11D3-BF4B-00C04F79EFBC}") = "NetFileConverter.csproj", "NetFileConverter.csproj.old", "{993D8EF6-A293-A951-7C6F-ECC8C7608685}"
EndProject
Global
	GlobalSection(SolutionConfigurationPlatforms) = preSolution
		Debug|Any CPU = Debug|Any CPU
		Debug|x64 = Debug|x64
		Debug|x86 = Debug|x86
		Release|Any CPU = Release|Any CPU
		Release|x64 = Release|x64
		Release|x86 = Release|x86
	EndGlobalSection
	GlobalSection(ProjectConfigurationPlatforms) = postSolution
		{993D8EF6-A293-A951-7C6F-ECC8C7608685}.Debug|Any CPU.ActiveCfg = Debug|Any CPU
		{993D8EF6-A293-A951-7C6F-ECC8C7608685}.Debug|Any CPU.Build.0 = Debug|Any CPU
		{993D8EF6-A293-A951-7C6F-ECC8C7608685}.Debug|x64.ActiveCfg = Debug|Any CPU
		{993D8EF6-A293-A951-7C6F-ECC8C7608685}.Debug|x64.Build.0 = Debug|Any CPU
		{993D8EF6-A293-A951-7C6F-ECC8C7608685}.Debug|x86.ActiveCfg = Debug|Any CPU
		{993D8EF6-A293-A951-7C6F-ECC8C7608685}.Debug|x86.Build.0 = Debug|Any CPU
		{993D8EF6-A293-A951-7C6F-ECC8C7608685}.Release|Any CPU.ActiveCfg = Release|Any CPU
		{993D8EF6-A293-A951-7C6F-ECC8C7608685}.Release|Any CPU.Build.0 = Release|Any CPU
		{993D8EF6-A293-A951-7C6F-ECC8C7608685}.Release|x64.ActiveCfg = Release|Any CPU
		{993D8EF6-A293-A951-7C6F-ECC8C7608685}.Release|x64.Build.0 = Release|Any CPU
		{993D8EF6-A293-A951-7C6F-ECC8C7608685}.Release|x86.ActiveCfg = Release|Any CPU
		{993D8EF6-A293-A951-7C6F-ECC8C7608685}.Release|x86.Build.0 = Release|Any CPU
	EndGlobalSection
	GlobalSection(SolutionProperties) = preSolution
		HideSolutionNode = FALSE
	EndGlobalSection
	GlobalSection(ExtensibilityGlobals) = postSolution
		SolutionGuid = {45AFD806-D4A1-486F-9205-DCE6C6998C82}
	EndGlobalSection
EndGlobal
